
Microsoft Visual Studio Solution File, Format Version 12.00
# Visual Studio Version 17
VisualStudioVersion = 17.13.35806.99 d17.13
MinimumVisualStudioVersion = 10.0.40219.1
Project("{FAE04EC0-301F-11D3-BF4B-00C04F79EFBC}") = "WebApplication_University", "WebApplication_University\WebApplication_University.csproj", "{336E0D87-7D5E-47BD-9134-D2642F70042B}"
EndProject
Global
	GlobalSection(SolutionConfigurationPlatforms) = preSolution
		Debug|Any CPU = Debug|Any CPU
		Release|Any CPU = Release|Any CPU
	EndGlobalSection
	GlobalSection(ProjectConfigurationPlatforms) = postSolution
		{336E0D87-7D5E-47BD-9134-D2642F70042B}.Debug|Any CPU.ActiveCfg = Debug|Any CPU
		{336E0D87-7D5E-47BD-9134-D2642F70042B}.Debug|Any CPU.Build.0 = Debug|Any CPU
		{336E0D87-7D5E-47BD-9134-D2642F70042B}.Release|Any CPU.ActiveCfg = Release|Any CPU
		{336E0D87-7D5E-47BD-9134-D2642F70042B}.Release|Any CPU.Build.0 = Release|Any CPU
	EndGlobalSection
	GlobalSection(SolutionProperties) = preSolution
		HideSolutionNode = FALSE
	EndGlobalSection
	GlobalSection(ExtensibilityGlobals) = postSolution
		SolutionGuid = {F6E52462-4F65-4735-B33B-98A696FBFB31}
	EndGlobalSection
EndGlobal
